
Microsoft Visual Studio Solution File, Format Version 12.00
# Visual Studio Version 17
VisualStudioVersion = 17.0.31612.314
MinimumVisualStudioVersion = 10.0.40219.1
Project("{FAE04EC0-301F-11D3-BF4B-00C04F79EFBC}") = "_DocProd_AnnualStatements", "AnnualStatements\_DocProd_AnnualStatements.csproj", "{EBC72466-17EF-41E2-9AD2-9220D6286B42}"
EndProject
Project("{FAE04EC0-301F-11D3-BF4B-00C04F79EFBC}") = "SMTPHelper", "SMTPHelper\SMTPHelper.csproj", "{0EDFF78E-7AB1-43E2-BFB1-82238A212F34}"
EndProject
Project("{FAE04EC0-301F-11D3-BF4B-00C04F79EFBC}") = "DocxFromTemplateGenerator", "Docx2ClickSend\DocxFromTemplateGenerator.csproj", "{2476A727-E39E-42BD-8D72-97CD1D4C9823}"
EndProject
Project("{9A19103F-16F7-4668-BE54-9A1E7A4F7556}") = "FTPHelper", "FTPHelper\FTPHelper.csproj", "{135CC8E1-F26D-4602-9B6A-FC5609A43DC0}"
EndProject
Project("{FAE04EC0-301F-11D3-BF4B-00C04F79EFBC}") = "AnchorDownloadNew", "AnchorDownload 2\AnchorDownloadNew.csproj", "{F7C94ECE-A35E-4B96-AC20-028E7EE80322}"
EndProject
Project("{9A19103F-16F7-4668-BE54-9A1E7A4F7556}") = "DB2Excel", "DB2Excel\DB2Excel.csproj", "{AD213746-7B38-4EF9-A433-0B2AAC2EED4F}"
EndProject
Project("{9A19103F-16F7-4668-BE54-9A1E7A4F7556}") = "SendDailyAccountsPayProfile", "SendDailyAccountsPayProfile\SendDailyAccountsPayProfile.csproj", "{08D54FB3-0E2B-446C-9BE8-52BA3D48FB2D}"
EndProject
Project("{9A19103F-16F7-4668-BE54-9A1E7A4F7556}") = "SendDailyPaymentHolidayPayProfile", "SendDailyPaymentHolidayPayProfile\SendDailyPaymentHolidayPayProfile.csproj", "{7870F017-B943-4713-B7D4-C208D57D6D81}"
EndProject
Project("{FAE04EC0-301F-11D3-BF4B-00C04F79EFBC}") = "RunEveryHour", "RunEveryHour\RunEveryHour.csproj", "{F9801533-EE49-4999-BD57-D7B8CC1933B5}"
EndProject
Project("{FAE04EC0-301F-11D3-BF4B-00C04F79EFBC}") = "ClicksendHelper", "ClicksendHelper\ClicksendHelper.csproj", "{C2BB568B-5C02-4919-B3E9-8FABAFBB2DD5}"
EndProject
Project("{FAE04EC0-301F-11D3-BF4B-00C04F79EFBC}") = "DictionaryHelper", "DictionaryHelper\DictionaryHelper.csproj", "{C58CC9C6-FB8F-4CB8-B6B5-F88987385A93}"
EndProject
Project("{FAE04EC0-301F-11D3-BF4B-00C04F79EFBC}") = "FilesHelper", "FilesHelper\FilesHelper.csproj", "{C2017618-53EF-4C9D-8306-0A0C93347019}"
EndProject
Project("{FAE04EC0-301F-11D3-BF4B-00C04F79EFBC}") = "UpdateSalesforceDataNew", "AnchorDownload 2\Updatesalesforce\UpdateSalesforceDataNew.csproj", "{1A000FEB-714E-4202-8C6A-38A62E134A61}"
EndProject
Project("{FAE04EC0-301F-11D3-BF4B-00C04F79EFBC}") = "UpworkPlatesLookupAutomationDLL", "AnchorDownload 2\UpworkPlatesLookupAutomationDLL\UpworkPlatesLookupAutomationDLL.csproj", "{DF160A52-6CD2-49B5-99CE-F0EC80D76B68}"
EndProject
Project("{FAE04EC0-301F-11D3-BF4B-00C04F79EFBC}") = "UpdateSalesforceData", "AnchorDownload\AnchorDownload\UpdateSalesforceData\UpdateSalesforceData.csproj", "{0959D9CD-F1C4-4CCB-AB0C-861EEC62E510}"
EndProject
Project("{9A19103F-16F7-4668-BE54-9A1E7A4F7556}") = "SendAmmortisation", "SendAmmortisation\SendAmmortisation.csproj", "{8C8DE25F-0CFC-4BEF-9A6B-A0A53D009CEF}"
EndProject
Project("{FAE04EC0-301F-11D3-BF4B-00C04F79EFBC}") = "SMTPEmailTester", "SMTPEmailTester\SMTPEmailTester.csproj", "{3C5C31B2-9002-4999-B07B-C22D92950B28}"
EndProject
Project("{FAE04EC0-301F-11D3-BF4B-00C04F79EFBC}") = "AnchorDownload", "AnchorDownload\AnchorDownload\AnchorDownload\AnchorDownload.csproj", "{F3D6E699-7B68-4537-88D2-A3FD466FA9D2}"
EndProject
Project("{FAE04EC0-301F-11D3-BF4B-00C04F79EFBC}") = "SalesforceDataLibrary", "SalesforceDataLibrary\SalesforceDataLibrary\SalesforceDataLibrary.csproj", "{1F825601-13CF-4787-A4BE-09EA883D3EDD}"
EndProject
Project("{FAE04EC0-301F-11D3-BF4B-00C04F79EFBC}") = "VehicleUpdater", "VehicleUpdater\VehicleUpdater.csproj", "{9CA39978-6D38-434D-A24A-5718F2F07407}"
EndProject
Project("{FAE04EC0-301F-11D3-BF4B-00C04F79EFBC}") = "AutoDocHelper", "StatementHelper\AutoDocHelper.csproj", "{932EF728-CFC0-4507-85DF-D3EC9EDF1B0B}"
EndProject
Project("{9A19103F-16F7-4668-BE54-9A1E7A4F7556}") = "_DocProd_FirstAgreementStatements", "NewAgreementSchedule\_DocProd_FirstAgreementStatements.csproj", "{03752432-E3EE-4AA4-9E5F-2ABDDABF5D52}"
EndProject
Project("{9A19103F-16F7-4668-BE54-9A1E7A4F7556}") = "LogHelper", "LogHelper\LogHelper.csproj", "{5580C3AE-022B-4002-BB72-541F76A20FC5}"
EndProject
Project("{FAE04EC0-301F-11D3-BF4B-00C04F79EFBC}") = "SQLDataHelper", "SQLDataHelper\SQLDataHelper.csproj", "{9886874C-0A35-4A3E-9CB4-351439C99A16}"
EndProject
Project("{FAE04EC0-301F-11D3-BF4B-00C04F79EFBC}") = "_DocProd_AntiFraudLetter", "AntiFraudLetterGenerator\_DocProd_AntiFraudLetter.csproj", "{43087E8B-44A0-452C-B7FC-DECF95D25241}"
EndProject
Project("{2150E333-8FDC-42A3-9474-1A3956D46DE8}") = "Document Production", "Document Production", "{DD89858F-0BDF-47B4-9B28-C8294B799315}"
EndProject
Project("{2150E333-8FDC-42A3-9474-1A3956D46DE8}") = "Sentinel Sync", "Sentinel Sync", "{9DA40968-8823-44BF-8C10-8EE0FCE8E877}"
EndProject
Project("{2150E333-8FDC-42A3-9474-1A3956D46DE8}") = "Web Services", "Web Services", "{7224F73D-5AB3-4FAD-8AD3-ACF0F29DC067}"
EndProject
Project("{2150E333-8FDC-42A3-9474-1A3956D46DE8}") = "APRCalculator", "APRCalculator", "{481EFE6E-FCE8-41C0-9DE4-0D6AC94F9CD1}"
EndProject
Project("{FAE04EC0-301F-11D3-BF4B-00C04F79EFBC}") = "APRCalculator", "APRCalculator\APRCalculator\APRCalculator.csproj", "{2DC32CE7-FA95-45D2-93C7-0FA699D07B6D}"
EndProject
Project("{FAE04EC0-301F-11D3-BF4B-00C04F79EFBC}") = "APRCalculatorService", "APRCalculator\APRCalculatorService\APRCalculatorService.csproj", "{FFEF921B-C664-415C-AAA4-44D75C470FDD}"
EndProject
Project("{FAE04EC0-301F-11D3-BF4B-00C04F79EFBC}") = "TestAPRCalculator", "APRCalculator\TestAPRCalculator\TestAPRCalculator.csproj", "{C5BE03D8-918F-4CCE-A9CB-4B107B2D2991}"
EndProject
Project("{2150E333-8FDC-42A3-9474-1A3956D46DE8}") = "CallCredit", "CallCredit", "{CA4F44B1-B3CE-4F5E-A08E-73F34796AC22}"
EndProject
Project("{FAE04EC0-301F-11D3-BF4B-00C04F79EFBC}") = "ApiDelegation", "CallCredit\CallCreditApiDelegation\ApiDelegation.csproj", "{682B75A6-2073-4C7C-8C8C-F93D52AB3B1E}"
EndProject
Project("{FAE04EC0-301F-11D3-BF4B-00C04F79EFBC}") = "CallCreditAutoPasswordChanger", "CallCredit\CallCreditAutoPasswordChanger\CallCreditAutoPasswordChanger.csproj", "{616EE05C-9AD7-4876-B1F5-5BAE7046A509}"
EndProject
Project("{FAE04EC0-301F-11D3-BF4B-00C04F79EFBC}") = "CallCreditApiPasswordChangerWrapper", "CallCredit\CallCreditPasswordChangerWrapper\CallCreditApiPasswordChangerWrapper.csproj", "{663C6EF7-2355-4F6B-A960-150AB9AF6405}"
EndProject
Project("{FAE04EC0-301F-11D3-BF4B-00C04F79EFBC}") = "AutoPasswordChangerDBWrapper", "CallCredit\AutoPasswordChangerDBWrapper\AutoPasswordChangerDBWrapper.csproj", "{535797F6-A471-413C-94FC-1E7A4D60D068}"
EndProject
Project("{FAE04EC0-301F-11D3-BF4B-00C04F79EFBC}") = "CallCreditWrapper", "CallCredit\CallCreditWrapper\CallCreditWrapper.csproj", "{0F4778BF-8FCE-42D8-A9F8-4F94388EBD49}"
EndProject
Project("{FAE04EC0-301F-11D3-BF4B-00C04F79EFBC}") = "imagestobase64", "CallCredit\imagestobase64\imagestobase64.csproj", "{272C17CA-B573-4E93-8467-595EEB3E3309}"
EndProject
Project("{FAE04EC0-301F-11D3-BF4B-00C04F79EFBC}") = "ProjectConfiguration", "CallCredit\AppConfiguration\ProjectConfiguration.csproj", "{7D9CCEC1-F33C-483A-A16F-5FB3F96406B0}"
EndProject
Project("{2150E333-8FDC-42A3-9474-1A3956D46DE8}") = "Dowjones", "Dowjones", "{A7DA8D7D-4E92-4276-A4CB-070B032FF26C}"
EndProject
Project("{FAE04EC0-301F-11D3-BF4B-00C04F79EFBC}") = "DowJones", "DowJones\DowJones\DowJones.csproj", "{A3F3A61F-960B-4E4C-95B2-8691A97403EB}"
EndProject
Project("{9A19103F-16F7-4668-BE54-9A1E7A4F7556}") = "UploadFileToClickSend", "UploadFileToClickSend\UploadFileToClickSend.csproj", "{F687893A-A6D9-423A-AF7E-359B38DA61D0}"
EndProject
Project("{9A19103F-16F7-4668-BE54-9A1E7A4F7556}") = "ForceToolkitForNET", "ForceToolkitForNET\ForceToolkitForNET.csproj", "{DF9FE3B7-B8ED-4744-8633-6368E5DF48BA}"
EndProject
Project("{9A19103F-16F7-4668-BE54-9A1E7A4F7556}") = "CommonLibrariesForNET", "CommonLibrariesForNET\CommonLibrariesForNET.csproj", "{61EB3E82-C69E-40E1-9C02-F200998A1DE7}"
EndProject
Project("{2150E333-8FDC-42A3-9474-1A3956D46DE8}") = "Excel Output", "Excel Output", "{2846202F-6F35-4B84-B923-B28C67EF0B1C}"
EndProject
Global
	GlobalSection(SolutionConfigurationPlatforms) = preSolution
		Debug|Any CPU = Debug|Any CPU
		Release|Any CPU = Release|Any CPU
	EndGlobalSection
	GlobalSection(ProjectConfigurationPlatforms) = postSolution
		{EBC72466-17EF-41E2-9AD2-9220D6286B42}.Debug|Any CPU.ActiveCfg = Debug|Any CPU
		{EBC72466-17EF-41E2-9AD2-9220D6286B42}.Debug|Any CPU.Build.0 = Debug|Any CPU
		{EBC72466-17EF-41E2-9AD2-9220D6286B42}.Release|Any CPU.ActiveCfg = Release|Any CPU
		{EBC72466-17EF-41E2-9AD2-9220D6286B42}.Release|Any CPU.Build.0 = Release|Any CPU
		{0EDFF78E-7AB1-43E2-BFB1-82238A212F34}.Debug|Any CPU.ActiveCfg = Debug|Any CPU
		{0EDFF78E-7AB1-43E2-BFB1-82238A212F34}.Debug|Any CPU.Build.0 = Debug|Any CPU
		{0EDFF78E-7AB1-43E2-BFB1-82238A212F34}.Release|Any CPU.ActiveCfg = Release|Any CPU
		{0EDFF78E-7AB1-43E2-BFB1-82238A212F34}.Release|Any CPU.Build.0 = Release|Any CPU
		{2476A727-E39E-42BD-8D72-97CD1D4C9823}.Debug|Any CPU.ActiveCfg = Debug|Any CPU
		{2476A727-E39E-42BD-8D72-97CD1D4C9823}.Debug|Any CPU.Build.0 = Debug|Any CPU
		{2476A727-E39E-42BD-8D72-97CD1D4C9823}.Release|Any CPU.ActiveCfg = Release|Any CPU
		{2476A727-E39E-42BD-8D72-97CD1D4C9823}.Release|Any CPU.Build.0 = Release|Any CPU
		{135CC8E1-F26D-4602-9B6A-FC5609A43DC0}.Debug|Any CPU.ActiveCfg = Debug|Any CPU
		{135CC8E1-F26D-4602-9B6A-FC5609A43DC0}.Debug|Any CPU.Build.0 = Debug|Any CPU
		{135CC8E1-F26D-4602-9B6A-FC5609A43DC0}.Release|Any CPU.ActiveCfg = Release|Any CPU
		{135CC8E1-F26D-4602-9B6A-FC5609A43DC0}.Release|Any CPU.Build.0 = Release|Any CPU
		{F7C94ECE-A35E-4B96-AC20-028E7EE80322}.Debug|Any CPU.ActiveCfg = Debug|Any CPU
		{F7C94ECE-A35E-4B96-AC20-028E7EE80322}.Debug|Any CPU.Build.0 = Debug|Any CPU
		{F7C94ECE-A35E-4B96-AC20-028E7EE80322}.Release|Any CPU.ActiveCfg = Release|Any CPU
		{F7C94ECE-A35E-4B96-AC20-028E7EE80322}.Release|Any CPU.Build.0 = Release|Any CPU
		{AD213746-7B38-4EF9-A433-0B2AAC2EED4F}.Debug|Any CPU.ActiveCfg = Debug|Any CPU
		{AD213746-7B38-4EF9-A433-0B2AAC2EED4F}.Debug|Any CPU.Build.0 = Debug|Any CPU
		{AD213746-7B38-4EF9-A433-0B2AAC2EED4F}.Release|Any CPU.ActiveCfg = Release|Any CPU
		{AD213746-7B38-4EF9-A433-0B2AAC2EED4F}.Release|Any CPU.Build.0 = Release|Any CPU
		{08D54FB3-0E2B-446C-9BE8-52BA3D48FB2D}.Debug|Any CPU.ActiveCfg = Debug|Any CPU
		{08D54FB3-0E2B-446C-9BE8-52BA3D48FB2D}.Debug|Any CPU.Build.0 = Debug|Any CPU
		{08D54FB3-0E2B-446C-9BE8-52BA3D48FB2D}.Release|Any CPU.ActiveCfg = Release|Any CPU
		{08D54FB3-0E2B-446C-9BE8-52BA3D48FB2D}.Release|Any CPU.Build.0 = Release|Any CPU
		{7870F017-B943-4713-B7D4-C208D57D6D81}.Debug|Any CPU.ActiveCfg = Debug|Any CPU
		{7870F017-B943-4713-B7D4-C208D57D6D81}.Debug|Any CPU.Build.0 = Debug|Any CPU
		{7870F017-B943-4713-B7D4-C208D57D6D81}.Release|Any CPU.ActiveCfg = Release|Any CPU
		{7870F017-B943-4713-B7D4-C208D57D6D81}.Release|Any CPU.Build.0 = Release|Any CPU
		{F9801533-EE49-4999-BD57-D7B8CC1933B5}.Debug|Any CPU.ActiveCfg = Debug|Any CPU
		{F9801533-EE49-4999-BD57-D7B8CC1933B5}.Debug|Any CPU.Build.0 = Debug|Any CPU
		{F9801533-EE49-4999-BD57-D7B8CC1933B5}.Release|Any CPU.ActiveCfg = Release|Any CPU
		{F9801533-EE49-4999-BD57-D7B8CC1933B5}.Release|Any CPU.Build.0 = Release|Any CPU
		{C2BB568B-5C02-4919-B3E9-8FABAFBB2DD5}.Debug|Any CPU.ActiveCfg = Debug|Any CPU
		{C2BB568B-5C02-4919-B3E9-8FABAFBB2DD5}.Debug|Any CPU.Build.0 = Debug|Any CPU
		{C2BB568B-5C02-4919-B3E9-8FABAFBB2DD5}.Release|Any CPU.ActiveCfg = Release|Any CPU
		{C2BB568B-5C02-4919-B3E9-8FABAFBB2DD5}.Release|Any CPU.Build.0 = Release|Any CPU
		{C58CC9C6-FB8F-4CB8-B6B5-F88987385A93}.Debug|Any CPU.ActiveCfg = Debug|Any CPU
		{C58CC9C6-FB8F-4CB8-B6B5-F88987385A93}.Debug|Any CPU.Build.0 = Debug|Any CPU
		{C58CC9C6-FB8F-4CB8-B6B5-F88987385A93}.Release|Any CPU.ActiveCfg = Release|Any CPU
		{C58CC9C6-FB8F-4CB8-B6B5-F88987385A93}.Release|Any CPU.Build.0 = Release|Any CPU
		{C2017618-53EF-4C9D-8306-0A0C93347019}.Debug|Any CPU.ActiveCfg = Debug|Any CPU
		{C2017618-53EF-4C9D-8306-0A0C93347019}.Debug|Any CPU.Build.0 = Debug|Any CPU
		{C2017618-53EF-4C9D-8306-0A0C93347019}.Release|Any CPU.ActiveCfg = Release|Any CPU
		{C2017618-53EF-4C9D-8306-0A0C93347019}.Release|Any CPU.Build.0 = Release|Any CPU
		{1A000FEB-714E-4202-8C6A-38A62E134A61}.Debug|Any CPU.ActiveCfg = Debug|Any CPU
		{1A000FEB-714E-4202-8C6A-38A62E134A61}.Debug|Any CPU.Build.0 = Debug|Any CPU
		{1A000FEB-714E-4202-8C6A-38A62E134A61}.Release|Any CPU.ActiveCfg = Release|Any CPU
		{1A000FEB-714E-4202-8C6A-38A62E134A61}.Release|Any CPU.Build.0 = Release|Any CPU
		{DF160A52-6CD2-49B5-99CE-F0EC80D76B68}.Debug|Any CPU.ActiveCfg = Debug|Any CPU
		{DF160A52-6CD2-49B5-99CE-F0EC80D76B68}.Debug|Any CPU.Build.0 = Debug|Any CPU
		{DF160A52-6CD2-49B5-99CE-F0EC80D76B68}.Release|Any CPU.ActiveCfg = Release|Any CPU
		{DF160A52-6CD2-49B5-99CE-F0EC80D76B68}.Release|Any CPU.Build.0 = Release|Any CPU
		{0959D9CD-F1C4-4CCB-AB0C-861EEC62E510}.Debug|Any CPU.ActiveCfg = Debug|Any CPU
		{0959D9CD-F1C4-4CCB-AB0C-861EEC62E510}.Debug|Any CPU.Build.0 = Debug|Any CPU
		{0959D9CD-F1C4-4CCB-AB0C-861EEC62E510}.Release|Any CPU.ActiveCfg = Release|Any CPU
		{0959D9CD-F1C4-4CCB-AB0C-861EEC62E510}.Release|Any CPU.Build.0 = Release|Any CPU
		{8C8DE25F-0CFC-4BEF-9A6B-A0A53D009CEF}.Debug|Any CPU.ActiveCfg = Debug|Any CPU
		{8C8DE25F-0CFC-4BEF-9A6B-A0A53D009CEF}.Debug|Any CPU.Build.0 = Debug|Any CPU
		{8C8DE25F-0CFC-4BEF-9A6B-A0A53D009CEF}.Release|Any CPU.ActiveCfg = Release|Any CPU
		{8C8DE25F-0CFC-4BEF-9A6B-A0A53D009CEF}.Release|Any CPU.Build.0 = Release|Any CPU
		{3C5C31B2-9002-4999-B07B-C22D92950B28}.Debug|Any CPU.ActiveCfg = Debug|Any CPU
		{3C5C31B2-9002-4999-B07B-C22D92950B28}.Debug|Any CPU.Build.0 = Debug|Any CPU
		{3C5C31B2-9002-4999-B07B-C22D92950B28}.Release|Any CPU.ActiveCfg = Release|Any CPU
		{3C5C31B2-9002-4999-B07B-C22D92950B28}.Release|Any CPU.Build.0 = Release|Any CPU
		{F3D6E699-7B68-4537-88D2-A3FD466FA9D2}.Debug|Any CPU.ActiveCfg = Debug|Any CPU
		{F3D6E699-7B68-4537-88D2-A3FD466FA9D2}.Debug|Any CPU.Build.0 = Debug|Any CPU
		{F3D6E699-7B68-4537-88D2-A3FD466FA9D2}.Release|Any CPU.ActiveCfg = Release|Any CPU
		{F3D6E699-7B68-4537-88D2-A3FD466FA9D2}.Release|Any CPU.Build.0 = Release|Any CPU
		{1F825601-13CF-4787-A4BE-09EA883D3EDD}.Debug|Any CPU.ActiveCfg = Debug|Any CPU
		{1F825601-13CF-4787-A4BE-09EA883D3EDD}.Debug|Any CPU.Build.0 = Debug|Any CPU
		{1F825601-13CF-4787-A4BE-09EA883D3EDD}.Release|Any CPU.ActiveCfg = Release|Any CPU
		{1F825601-13CF-4787-A4BE-09EA883D3EDD}.Release|Any CPU.Build.0 = Release|Any CPU
		{9CA39978-6D38-434D-A24A-5718F2F07407}.Debug|Any CPU.ActiveCfg = Debug|Any CPU
		{9CA39978-6D38-434D-A24A-5718F2F07407}.Debug|Any CPU.Build.0 = Debug|Any CPU
		{9CA39978-6D38-434D-A24A-5718F2F07407}.Release|Any CPU.ActiveCfg = Release|Any CPU
		{9CA39978-6D38-434D-A24A-5718F2F07407}.Release|Any CPU.Build.0 = Release|Any CPU
		{932EF728-CFC0-4507-85DF-D3EC9EDF1B0B}.Debug|Any CPU.ActiveCfg = Debug|Any CPU
		{932EF728-CFC0-4507-85DF-D3EC9EDF1B0B}.Debug|Any CPU.Build.0 = Debug|Any CPU
		{932EF728-CFC0-4507-85DF-D3EC9EDF1B0B}.Release|Any CPU.ActiveCfg = Release|Any CPU
		{932EF728-CFC0-4507-85DF-D3EC9EDF1B0B}.Release|Any CPU.Build.0 = Release|Any CPU
		{03752432-E3EE-4AA4-9E5F-2ABDDABF5D52}.Debug|Any CPU.ActiveCfg = Debug|Any CPU
		{03752432-E3EE-4AA4-9E5F-2ABDDABF5D52}.Debug|Any CPU.Build.0 = Debug|Any CPU
		{03752432-E3EE-4AA4-9E5F-2ABDDABF5D52}.Release|Any CPU.ActiveCfg = Release|Any CPU
		{03752432-E3EE-4AA4-9E5F-2ABDDABF5D52}.Release|Any CPU.Build.0 = Release|Any CPU
		{5580C3AE-022B-4002-BB72-541F76A20FC5}.Debug|Any CPU.ActiveCfg = Debug|Any CPU
		{5580C3AE-022B-4002-BB72-541F76A20FC5}.Debug|Any CPU.Build.0 = Debug|Any CPU
		{5580C3AE-022B-4002-BB72-541F76A20FC5}.Release|Any CPU.ActiveCfg = Release|Any CPU
		{5580C3AE-022B-4002-BB72-541F76A20FC5}.Release|Any CPU.Build.0 = Release|Any CPU
		{9886874C-0A35-4A3E-9CB4-351439C99A16}.Debug|Any CPU.ActiveCfg = Debug|Any CPU
		{9886874C-0A35-4A3E-9CB4-351439C99A16}.Debug|Any CPU.Build.0 = Debug|Any CPU
		{9886874C-0A35-4A3E-9CB4-351439C99A16}.Release|Any CPU.ActiveCfg = Release|Any CPU
		{9886874C-0A35-4A3E-9CB4-351439C99A16}.Release|Any CPU.Build.0 = Release|Any CPU
		{43087E8B-44A0-452C-B7FC-DECF95D25241}.Debug|Any CPU.ActiveCfg = Debug|Any CPU
		{43087E8B-44A0-452C-B7FC-DECF95D25241}.Debug|Any CPU.Build.0 = Debug|Any CPU
		{43087E8B-44A0-452C-B7FC-DECF95D25241}.Release|Any CPU.ActiveCfg = Release|Any CPU
		{43087E8B-44A0-452C-B7FC-DECF95D25241}.Release|Any CPU.Build.0 = Release|Any CPU
		{2DC32CE7-FA95-45D2-93C7-0FA699D07B6D}.Debug|Any CPU.ActiveCfg = Debug|Any CPU
		{2DC32CE7-FA95-45D2-93C7-0FA699D07B6D}.Debug|Any CPU.Build.0 = Debug|Any CPU
		{2DC32CE7-FA95-45D2-93C7-0FA699D07B6D}.Release|Any CPU.ActiveCfg = Release|Any CPU
		{2DC32CE7-FA95-45D2-93C7-0FA699D07B6D}.Release|Any CPU.Build.0 = Release|Any CPU
		{FFEF921B-C664-415C-AAA4-44D75C470FDD}.Debug|Any CPU.ActiveCfg = Debug|Any CPU
		{FFEF921B-C664-415C-AAA4-44D75C470FDD}.Debug|Any CPU.Build.0 = Debug|Any CPU
		{FFEF921B-C664-415C-AAA4-44D75C470FDD}.Release|Any CPU.ActiveCfg = Release|Any CPU
		{FFEF921B-C664-415C-AAA4-44D75C470FDD}.Release|Any CPU.Build.0 = Release|Any CPU
		{C5BE03D8-918F-4CCE-A9CB-4B107B2D2991}.Debug|Any CPU.ActiveCfg = Debug|Any CPU
		{C5BE03D8-918F-4CCE-A9CB-4B107B2D2991}.Debug|Any CPU.Build.0 = Debug|Any CPU
		{C5BE03D8-918F-4CCE-A9CB-4B107B2D2991}.Release|Any CPU.ActiveCfg = Release|Any CPU
		{C5BE03D8-918F-4CCE-A9CB-4B107B2D2991}.Release|Any CPU.Build.0 = Release|Any CPU
		{682B75A6-2073-4C7C-8C8C-F93D52AB3B1E}.Debug|Any CPU.ActiveCfg = Debug|Any CPU
		{682B75A6-2073-4C7C-8C8C-F93D52AB3B1E}.Debug|Any CPU.Build.0 = Debug|Any CPU
		{682B75A6-2073-4C7C-8C8C-F93D52AB3B1E}.Release|Any CPU.ActiveCfg = Release|Any CPU
		{682B75A6-2073-4C7C-8C8C-F93D52AB3B1E}.Release|Any CPU.Build.0 = Release|Any CPU
		{616EE05C-9AD7-4876-B1F5-5BAE7046A509}.Debug|Any CPU.ActiveCfg = Debug|Any CPU
		{616EE05C-9AD7-4876-B1F5-5BAE7046A509}.Debug|Any CPU.Build.0 = Debug|Any CPU
		{616EE05C-9AD7-4876-B1F5-5BAE7046A509}.Release|Any CPU.ActiveCfg = Release|Any CPU
		{616EE05C-9AD7-4876-B1F5-5BAE7046A509}.Release|Any CPU.Build.0 = Release|Any CPU
		{663C6EF7-2355-4F6B-A960-150AB9AF6405}.Debug|Any CPU.ActiveCfg = Debug|Any CPU
		{663C6EF7-2355-4F6B-A960-150AB9AF6405}.Debug|Any CPU.Build.0 = Debug|Any CPU
		{663C6EF7-2355-4F6B-A960-150AB9AF6405}.Release|Any CPU.ActiveCfg = Release|Any CPU
		{663C6EF7-2355-4F6B-A960-150AB9AF6405}.Release|Any CPU.Build.0 = Release|Any CPU
		{535797F6-A471-413C-94FC-1E7A4D60D068}.Debug|Any CPU.ActiveCfg = Debug|Any CPU
		{535797F6-A471-413C-94FC-1E7A4D60D068}.Debug|Any CPU.Build.0 = Debug|Any CPU
		{535797F6-A471-413C-94FC-1E7A4D60D068}.Release|Any CPU.ActiveCfg = Release|Any CPU
		{535797F6-A471-413C-94FC-1E7A4D60D068}.Release|Any CPU.Build.0 = Release|Any CPU
		{0F4778BF-8FCE-42D8-A9F8-4F94388EBD49}.Debug|Any CPU.ActiveCfg = Debug|Any CPU
		{0F4778BF-8FCE-42D8-A9F8-4F94388EBD49}.Debug|Any CPU.Build.0 = Debug|Any CPU
		{0F4778BF-8FCE-42D8-A9F8-4F94388EBD49}.Release|Any CPU.ActiveCfg = Release|Any CPU
		{0F4778BF-8FCE-42D8-A9F8-4F94388EBD49}.Release|Any CPU.Build.0 = Release|Any CPU
		{272C17CA-B573-4E93-8467-595EEB3E3309}.Debug|Any CPU.ActiveCfg = Debug|Any CPU
		{272C17CA-B573-4E93-8467-595EEB3E3309}.Debug|Any CPU.Build.0 = Debug|Any CPU
		{272C17CA-B573-4E93-8467-595EEB3E3309}.Release|Any CPU.ActiveCfg = Release|Any CPU
		{272C17CA-B573-4E93-8467-595EEB3E3309}.Release|Any CPU.Build.0 = Release|Any CPU
		{7D9CCEC1-F33C-483A-A16F-5FB3F96406B0}.Debug|Any CPU.ActiveCfg = Debug|Any CPU
		{7D9CCEC1-F33C-483A-A16F-5FB3F96406B0}.Debug|Any CPU.Build.0 = Debug|Any CPU
		{7D9CCEC1-F33C-483A-A16F-5FB3F96406B0}.Release|Any CPU.ActiveCfg = Release|Any CPU
		{7D9CCEC1-F33C-483A-A16F-5FB3F96406B0}.Release|Any CPU.Build.0 = Release|Any CPU
		{A3F3A61F-960B-4E4C-95B2-8691A97403EB}.Debug|Any CPU.ActiveCfg = Debug|Any CPU
		{A3F3A61F-960B-4E4C-95B2-8691A97403EB}.Debug|Any CPU.Build.0 = Debug|Any CPU
		{A3F3A61F-960B-4E4C-95B2-8691A97403EB}.Release|Any CPU.ActiveCfg = Release|Any CPU
		{A3F3A61F-960B-4E4C-95B2-8691A97403EB}.Release|Any CPU.Build.0 = Release|Any CPU
		{F687893A-A6D9-423A-AF7E-359B38DA61D0}.Debug|Any CPU.ActiveCfg = Debug|Any CPU
		{F687893A-A6D9-423A-AF7E-359B38DA61D0}.Debug|Any CPU.Build.0 = Debug|Any CPU
		{F687893A-A6D9-423A-AF7E-359B38DA61D0}.Release|Any CPU.ActiveCfg = Release|Any CPU
		{F687893A-A6D9-423A-AF7E-359B38DA61D0}.Release|Any CPU.Build.0 = Release|Any CPU
		{DF9FE3B7-B8ED-4744-8633-6368E5DF48BA}.Debug|Any CPU.ActiveCfg = Debug|Any CPU
		{DF9FE3B7-B8ED-4744-8633-6368E5DF48BA}.Debug|Any CPU.Build.0 = Debug|Any CPU
		{DF9FE3B7-B8ED-4744-8633-6368E5DF48BA}.Release|Any CPU.ActiveCfg = Release|Any CPU
		{DF9FE3B7-B8ED-4744-8633-6368E5DF48BA}.Release|Any CPU.Build.0 = Release|Any CPU
		{61EB3E82-C69E-40E1-9C02-F200998A1DE7}.Debug|Any CPU.ActiveCfg = Debug|Any CPU
		{61EB3E82-C69E-40E1-9C02-F200998A1DE7}.Debug|Any CPU.Build.0 = Debug|Any CPU
		{61EB3E82-C69E-40E1-9C02-F200998A1DE7}.Release|Any CPU.ActiveCfg = Release|Any CPU
		{61EB3E82-C69E-40E1-9C02-F200998A1DE7}.Release|Any CPU.Build.0 = Release|Any CPU
	EndGlobalSection
	GlobalSection(SolutionProperties) = preSolution
		HideSolutionNode = FALSE
	EndGlobalSection
	GlobalSection(NestedProjects) = preSolution
		{EBC72466-17EF-41E2-9AD2-9220D6286B42} = {DD89858F-0BDF-47B4-9B28-C8294B799315}
		{F7C94ECE-A35E-4B96-AC20-028E7EE80322} = {9DA40968-8823-44BF-8C10-8EE0FCE8E877}
		{08D54FB3-0E2B-446C-9BE8-52BA3D48FB2D} = {2846202F-6F35-4B84-B923-B28C67EF0B1C}
		{7870F017-B943-4713-B7D4-C208D57D6D81} = {2846202F-6F35-4B84-B923-B28C67EF0B1C}
		{1A000FEB-714E-4202-8C6A-38A62E134A61} = {9DA40968-8823-44BF-8C10-8EE0FCE8E877}
		{0959D9CD-F1C4-4CCB-AB0C-861EEC62E510} = {9DA40968-8823-44BF-8C10-8EE0FCE8E877}
		{8C8DE25F-0CFC-4BEF-9A6B-A0A53D009CEF} = {2846202F-6F35-4B84-B923-B28C67EF0B1C}
		{F3D6E699-7B68-4537-88D2-A3FD466FA9D2} = {9DA40968-8823-44BF-8C10-8EE0FCE8E877}
		{03752432-E3EE-4AA4-9E5F-2ABDDABF5D52} = {DD89858F-0BDF-47B4-9B28-C8294B799315}
		{43087E8B-44A0-452C-B7FC-DECF95D25241} = {DD89858F-0BDF-47B4-9B28-C8294B799315}
		{481EFE6E-FCE8-41C0-9DE4-0D6AC94F9CD1} = {7224F73D-5AB3-4FAD-8AD3-ACF0F29DC067}
		{2DC32CE7-FA95-45D2-93C7-0FA699D07B6D} = {481EFE6E-FCE8-41C0-9DE4-0D6AC94F9CD1}
		{FFEF921B-C664-415C-AAA4-44D75C470FDD} = {481EFE6E-FCE8-41C0-9DE4-0D6AC94F9CD1}
		{C5BE03D8-918F-4CCE-A9CB-4B107B2D2991} = {481EFE6E-FCE8-41C0-9DE4-0D6AC94F9CD1}
		{CA4F44B1-B3CE-4F5E-A08E-73F34796AC22} = {7224F73D-5AB3-4FAD-8AD3-ACF0F29DC067}
		{682B75A6-2073-4C7C-8C8C-F93D52AB3B1E} = {CA4F44B1-B3CE-4F5E-A08E-73F34796AC22}
		{616EE05C-9AD7-4876-B1F5-5BAE7046A509} = {CA4F44B1-B3CE-4F5E-A08E-73F34796AC22}
		{663C6EF7-2355-4F6B-A960-150AB9AF6405} = {CA4F44B1-B3CE-4F5E-A08E-73F34796AC22}
		{535797F6-A471-413C-94FC-1E7A4D60D068} = {CA4F44B1-B3CE-4F5E-A08E-73F34796AC22}
		{0F4778BF-8FCE-42D8-A9F8-4F94388EBD49} = {CA4F44B1-B3CE-4F5E-A08E-73F34796AC22}
		{272C17CA-B573-4E93-8467-595EEB3E3309} = {CA4F44B1-B3CE-4F5E-A08E-73F34796AC22}
		{7D9CCEC1-F33C-483A-A16F-5FB3F96406B0} = {CA4F44B1-B3CE-4F5E-A08E-73F34796AC22}
		{A7DA8D7D-4E92-4276-A4CB-070B032FF26C} = {7224F73D-5AB3-4FAD-8AD3-ACF0F29DC067}
		{A3F3A61F-960B-4E4C-95B2-8691A97403EB} = {A7DA8D7D-4E92-4276-A4CB-070B032FF26C}
	EndGlobalSection
	GlobalSection(ExtensibilityGlobals) = postSolution
		SolutionGuid = {D6230E9F-DD8E-4578-90E2-9A5A6D4160BD}
	EndGlobalSection
EndGlobal
