
Microsoft Visual Studio Solution File, Format Version 12.00
# Visual Studio Version 16
VisualStudioVersion = 16.0.29102.190
MinimumVisualStudioVersion = 10.0.40219.1
Project("{FAE04EC0-301F-11D3-BF4B-00C04F79EFBC}") = "AnchorDownloadNew", "AnchorDownloadNew.csproj", "{F7C94ECE-A35E-4B96-AC20-028E7EE80322}"
EndProject
Project("{FAE04EC0-301F-11D3-BF4B-00C04F79EFBC}") = "UpdateSalesforceDataNew", "Updatesalesforce\UpdateSalesforceDataNew.csproj", "{1A000FEB-714E-4202-8C6A-38A62E134A61}"
EndProject
Project("{FAE04EC0-301F-11D3-BF4B-00C04F79EFBC}") = "UpworkPlatesLookupAutomationDLL", "UpworkPlatesLookupAutomationDLL\UpworkPlatesLookupAutomationDLL.csproj", "{DF160A52-6CD2-49B5-99CE-F0EC80D76B68}"
EndProject
Project("{FAE04EC0-301F-11D3-BF4B-00C04F79EFBC}") = "SalesforceDataLibrary", "..\SalesforceDataLibrary\SalesforceDataLibrary\SalesforceDataLibrary.csproj", "{1F825601-13CF-4787-A4BE-09EA883D3EDD}"
EndProject
Global
	GlobalSection(SolutionConfigurationPlatforms) = preSolution
		Debug|Any CPU = Debug|Any CPU
		Release|Any CPU = Release|Any CPU
	EndGlobalSection
	GlobalSection(ProjectConfigurationPlatforms) = postSolution
		{F7C94ECE-A35E-4B96-AC20-028E7EE80322}.Debug|Any CPU.ActiveCfg = Debug|Any CPU
		{F7C94ECE-A35E-4B96-AC20-028E7EE80322}.Debug|Any CPU.Build.0 = Debug|Any CPU
		{F7C94ECE-A35E-4B96-AC20-028E7EE80322}.Release|Any CPU.ActiveCfg = Release|Any CPU
		{F7C94ECE-A35E-4B96-AC20-028E7EE80322}.Release|Any CPU.Build.0 = Release|Any CPU
		{1A000FEB-714E-4202-8C6A-38A62E134A61}.Debug|Any CPU.ActiveCfg = Debug|Any CPU
		{1A000FEB-714E-4202-8C6A-38A62E134A61}.Debug|Any CPU.Build.0 = Debug|Any CPU
		{1A000FEB-714E-4202-8C6A-38A62E134A61}.Release|Any CPU.ActiveCfg = Release|Any CPU
		{1A000FEB-714E-4202-8C6A-38A62E134A61}.Release|Any CPU.Build.0 = Release|Any CPU
		{DF160A52-6CD2-49B5-99CE-F0EC80D76B68}.Debug|Any CPU.ActiveCfg = Debug|Any CPU
		{DF160A52-6CD2-49B5-99CE-F0EC80D76B68}.Debug|Any CPU.Build.0 = Debug|Any CPU
		{DF160A52-6CD2-49B5-99CE-F0EC80D76B68}.Release|Any CPU.ActiveCfg = Release|Any CPU
		{DF160A52-6CD2-49B5-99CE-F0EC80D76B68}.Release|Any CPU.Build.0 = Release|Any CPU
		{1F825601-13CF-4787-A4BE-09EA883D3EDD}.Debug|Any CPU.ActiveCfg = Debug|Any CPU
		{1F825601-13CF-4787-A4BE-09EA883D3EDD}.Debug|Any CPU.Build.0 = Debug|Any CPU
		{1F825601-13CF-4787-A4BE-09EA883D3EDD}.Release|Any CPU.ActiveCfg = Release|Any CPU
		{1F825601-13CF-4787-A4BE-09EA883D3EDD}.Release|Any CPU.Build.0 = Release|Any CPU
	EndGlobalSection
	GlobalSection(SolutionProperties) = preSolution
		HideSolutionNode = FALSE
	EndGlobalSection
	GlobalSection(ExtensibilityGlobals) = postSolution
		SolutionGuid = {1D1456A4-FFCD-4695-8286-5517F8003983}
	EndGlobalSection
EndGlobal
