
Microsoft Visual Studio Solution File, Format Version 12.00
# Visual Studio Version 16
VisualStudioVersion = 16.0.29102.190
MinimumVisualStudioVersion = 10.0.40219.1
Project("{FAE04EC0-301F-11D3-BF4B-00C04F79EFBC}") = "UpdateSalesforceData", "UpdateSalesforceData.csproj", "{1A000FEB-714E-4202-8C6A-38A62E134A61}"
EndProject
Project("{FAE04EC0-301F-11D3-BF4B-00C04F79EFBC}") = "BatchUpsertPOC", "..\BatchUpsertPOC\BatchUpsertPOC.csproj", "{BDAEB07E-A056-47D8-AF59-CDC2C04B5735}"
EndProject
Global
	GlobalSection(SolutionConfigurationPlatforms) = preSolution
		Debug|Any CPU = Debug|Any CPU
		Release|Any CPU = Release|Any CPU
	EndGlobalSection
	GlobalSection(ProjectConfigurationPlatforms) = postSolution
		{1A000FEB-714E-4202-8C6A-38A62E134A61}.Debug|Any CPU.ActiveCfg = Debug|Any CPU
		{1A000FEB-714E-4202-8C6A-38A62E134A61}.Debug|Any CPU.Build.0 = Debug|Any CPU
		{1A000FEB-714E-4202-8C6A-38A62E134A61}.Release|Any CPU.ActiveCfg = Release|Any CPU
		{1A000FEB-714E-4202-8C6A-38A62E134A61}.Release|Any CPU.Build.0 = Release|Any CPU
		{BDAEB07E-A056-47D8-AF59-CDC2C04B5735}.Debug|Any CPU.ActiveCfg = Debug|Any CPU
		{BDAEB07E-A056-47D8-AF59-CDC2C04B5735}.Debug|Any CPU.Build.0 = Debug|Any CPU
		{BDAEB07E-A056-47D8-AF59-CDC2C04B5735}.Release|Any CPU.ActiveCfg = Release|Any CPU
		{BDAEB07E-A056-47D8-AF59-CDC2C04B5735}.Release|Any CPU.Build.0 = Release|Any CPU
	EndGlobalSection
	GlobalSection(SolutionProperties) = preSolution
		HideSolutionNode = FALSE
	EndGlobalSection
	GlobalSection(ExtensibilityGlobals) = postSolution
		SolutionGuid = {D3180F5A-5974-41FD-AE74-12B65B27A37B}
	EndGlobalSection
EndGlobal
