
Microsoft Visual Studio Solution File, Format Version 12.00
# Visual Studio 15
VisualStudioVersion = 15.0.27130.2020
MinimumVisualStudioVersion = 10.0.40219.1
Project("{FAE04EC0-301F-11D3-BF4B-00C04F79EFBC}") = "ImplementationTest", "ImplementationTest\ImplementationTest.csproj", "{024CB108-E160-4C83-B875-7ADDB16F2552}"
EndProject
Project("{FAE04EC0-301F-11D3-BF4B-00C04F79EFBC}") = "UpworkPlatesLookupAutomationDLL", "UpworkPlatesLookupAutomationDLL\UpworkPlatesLookupAutomationDLL.csproj", "{DF160A52-6CD2-49B5-99CE-F0EC80D76B68}"
EndProject
Global
	GlobalSection(SolutionConfigurationPlatforms) = preSolution
		Debug|Any CPU = Debug|Any CPU
		Release|Any CPU = Release|Any CPU
	EndGlobalSection
	GlobalSection(ProjectConfigurationPlatforms) = postSolution
		{024CB108-E160-4C83-B875-7ADDB16F2552}.Debug|Any CPU.ActiveCfg = Debug|Any CPU
		{024CB108-E160-4C83-B875-7ADDB16F2552}.Debug|Any CPU.Build.0 = Debug|Any CPU
		{024CB108-E160-4C83-B875-7ADDB16F2552}.Release|Any CPU.ActiveCfg = Release|Any CPU
		{024CB108-E160-4C83-B875-7ADDB16F2552}.Release|Any CPU.Build.0 = Release|Any CPU
		{DF160A52-6CD2-49B5-99CE-F0EC80D76B68}.Debug|Any CPU.ActiveCfg = Debug|Any CPU
		{DF160A52-6CD2-49B5-99CE-F0EC80D76B68}.Debug|Any CPU.Build.0 = Debug|Any CPU
		{DF160A52-6CD2-49B5-99CE-F0EC80D76B68}.Release|Any CPU.ActiveCfg = Release|Any CPU
		{DF160A52-6CD2-49B5-99CE-F0EC80D76B68}.Release|Any CPU.Build.0 = Release|Any CPU
	EndGlobalSection
	GlobalSection(SolutionProperties) = preSolution
		HideSolutionNode = FALSE
	EndGlobalSection
	GlobalSection(ExtensibilityGlobals) = postSolution
		SolutionGuid = {9A00514D-C38D-4781-BBD3-8F3EBE26530D}
	EndGlobalSection
EndGlobal
